
Microsoft Visual Studio Solution File, Format Version 12.00
# Visual Studio Version 17
VisualStudioVersion = 17.6.33829.357
MinimumVisualStudioVersion = 10.0.40219.1
Project("{FAE04EC0-301F-11D3-BF4B-00C04F79EFBC}") = "Calculator", "Calculator\Calculator.csproj", "{C93D01C7-A68C-4AEE-B994-003FE00BA379}"
EndProject
Project("{FAE04EC0-301F-11D3-BF4B-00C04F79EFBC}") = "CalculatorTests", "CalculatorTests\CalculatorTests.csproj", "{83DE3C27-8AFB-4C78-AD7A-6F8D7CDDE3F0}"
EndProject
Global
	GlobalSection(SolutionConfigurationPlatforms) = preSolution
		Debug|Any CPU = Debug|Any CPU
		Release|Any CPU = Release|Any CPU
	EndGlobalSection
	GlobalSection(ProjectConfigurationPlatforms) = postSolution
		{C93D01C7-A68C-4AEE-B994-003FE00BA379}.Debug|Any CPU.ActiveCfg = Debug|Any CPU
		{C93D01C7-A68C-4AEE-B994-003FE00BA379}.Debug|Any CPU.Build.0 = Debug|Any CPU
		{C93D01C7-A68C-4AEE-B994-003FE00BA379}.Release|Any CPU.ActiveCfg = Release|Any CPU
		{C93D01C7-A68C-4AEE-B994-003FE00BA379}.Release|Any CPU.Build.0 = Release|Any CPU
		{83DE3C27-8AFB-4C78-AD7A-6F8D7CDDE3F0}.Debug|Any CPU.ActiveCfg = Debug|Any CPU
		{83DE3C27-8AFB-4C78-AD7A-6F8D7CDDE3F0}.Debug|Any CPU.Build.0 = Debug|Any CPU
		{83DE3C27-8AFB-4C78-AD7A-6F8D7CDDE3F0}.Release|Any CPU.ActiveCfg = Release|Any CPU
		{83DE3C27-8AFB-4C78-AD7A-6F8D7CDDE3F0}.Release|Any CPU.Build.0 = Release|Any CPU
	EndGlobalSection
	GlobalSection(SolutionProperties) = preSolution
		HideSolutionNode = FALSE
	EndGlobalSection
	GlobalSection(ExtensibilityGlobals) = postSolution
		SolutionGuid = {E8676AC4-E39F-43EE-BBA0-A08C0362198C}
	EndGlobalSection
EndGlobal
